
Microsoft Visual Studio Solution File, Format Version 12.00
# Visual Studio Version 16
VisualStudioVersion = 16.0.31105.61
MinimumVisualStudioVersion = 10.0.40219.1
Project("{9A19103F-16F7-4668-BE54-9A1E7A4F7556}") = "EdFi.RtI.Api", "EdFi.RtI.Api\EdFi.RtI.Api.csproj", "{2B7C8144-C618-457E-AFFD-9739E7841EA3}"
EndProject
Project("{9092AA53-FB77-4645-B42D-1CCCA6BD08BD}") = "EdFi.RtI.Web", "EdFi.RtI.Web\EdFi.RtI.Web.njsproj", "{99AB81BC-D214-4B34-B2EB-7DDF8CFC7252}"
EndProject
Project("{9A19103F-16F7-4668-BE54-9A1E7A4F7556}") = "EdFi.RtI.Core", "EdFi.RtI.Core\EdFi.RtI.Core.csproj", "{C8EFB07A-A163-4CE8-A080-99A3AC5C5286}"
EndProject
Project("{2150E333-8FDC-42A3-9474-1A3956D46DE8}") = "config", "config", "{062D97C9-1D09-4F86-9257-5FD761780E64}"
	ProjectSection(SolutionItems) = preProject
		..\azure-pipelines.yml = ..\azure-pipelines.yml
		..\scripts\Claimsets\EdFi_Security - RTI ClaimSet.sql = ..\scripts\Claimsets\EdFi_Security - RTI ClaimSet.sql
	EndProjectSection
EndProject
Global
	GlobalSection(SolutionConfigurationPlatforms) = preSolution
		Debug|Any CPU = Debug|Any CPU
		Debug|x64 = Debug|x64
		Release|Any CPU = Release|Any CPU
		Release|x64 = Release|x64
	EndGlobalSection
	GlobalSection(ProjectConfigurationPlatforms) = postSolution
		{2B7C8144-C618-457E-AFFD-9739E7841EA3}.Debug|Any CPU.ActiveCfg = Debug|Any CPU
		{2B7C8144-C618-457E-AFFD-9739E7841EA3}.Debug|Any CPU.Build.0 = Debug|Any CPU
		{2B7C8144-C618-457E-AFFD-9739E7841EA3}.Debug|x64.ActiveCfg = Debug|Any CPU
		{2B7C8144-C618-457E-AFFD-9739E7841EA3}.Debug|x64.Build.0 = Debug|Any CPU
		{2B7C8144-C618-457E-AFFD-9739E7841EA3}.Release|Any CPU.ActiveCfg = Release|Any CPU
		{2B7C8144-C618-457E-AFFD-9739E7841EA3}.Release|Any CPU.Build.0 = Release|Any CPU
		{2B7C8144-C618-457E-AFFD-9739E7841EA3}.Release|x64.ActiveCfg = Release|Any CPU
		{2B7C8144-C618-457E-AFFD-9739E7841EA3}.Release|x64.Build.0 = Release|Any CPU
		{99AB81BC-D214-4B34-B2EB-7DDF8CFC7252}.Debug|Any CPU.ActiveCfg = Debug|Any CPU
		{99AB81BC-D214-4B34-B2EB-7DDF8CFC7252}.Debug|Any CPU.Build.0 = Debug|Any CPU
		{99AB81BC-D214-4B34-B2EB-7DDF8CFC7252}.Debug|x64.ActiveCfg = Debug|Any CPU
		{99AB81BC-D214-4B34-B2EB-7DDF8CFC7252}.Debug|x64.Build.0 = Debug|Any CPU
		{99AB81BC-D214-4B34-B2EB-7DDF8CFC7252}.Release|Any CPU.ActiveCfg = Release|Any CPU
		{99AB81BC-D214-4B34-B2EB-7DDF8CFC7252}.Release|Any CPU.Build.0 = Release|Any CPU
		{99AB81BC-D214-4B34-B2EB-7DDF8CFC7252}.Release|x64.ActiveCfg = Release|Any CPU
		{99AB81BC-D214-4B34-B2EB-7DDF8CFC7252}.Release|x64.Build.0 = Release|Any CPU
		{C8EFB07A-A163-4CE8-A080-99A3AC5C5286}.Debug|Any CPU.ActiveCfg = Debug|Any CPU
		{C8EFB07A-A163-4CE8-A080-99A3AC5C5286}.Debug|Any CPU.Build.0 = Debug|Any CPU
		{C8EFB07A-A163-4CE8-A080-99A3AC5C5286}.Debug|x64.ActiveCfg = Debug|x64
		{C8EFB07A-A163-4CE8-A080-99A3AC5C5286}.Debug|x64.Build.0 = Debug|x64
		{C8EFB07A-A163-4CE8-A080-99A3AC5C5286}.Release|Any CPU.ActiveCfg = Release|Any CPU
		{C8EFB07A-A163-4CE8-A080-99A3AC5C5286}.Release|Any CPU.Build.0 = Release|Any CPU
		{C8EFB07A-A163-4CE8-A080-99A3AC5C5286}.Release|x64.ActiveCfg = Release|x64
		{C8EFB07A-A163-4CE8-A080-99A3AC5C5286}.Release|x64.Build.0 = Release|x64
	EndGlobalSection
	GlobalSection(SolutionProperties) = preSolution
		HideSolutionNode = FALSE
	EndGlobalSection
	GlobalSection(ExtensibilityGlobals) = postSolution
		SolutionGuid = {4E2F2E3E-DF3D-47E0-8A94-9C75C2B662E0}
	EndGlobalSection
EndGlobal
